// !$*UTF8*$!
{
	archiveVersion = 1;
	classes = {
	};
	objectVersion = 46;
	objects = {

/* Begin PBXBuildFile section */
		EC1CF246175D61C600CFAAB5 /* Cocoa.framework in Frameworks */ = {isa = PBXBuildFile; fileRef = EC1CF245175D61C600CFAAB5 /* Cocoa.framework */; };
		EC1CF250175D61C600CFAAB5 /* InfoPlist.strings in Resources */ = {isa = PBXBuildFile; fileRef = EC1CF24E175D61C600CFAAB5 /* InfoPlist.strings */; };
		EC1CF25C175D63CE00CFAAB5 /* MBTDynamicPager.h in Headers */ = {isa = PBXBuildFile; fileRef = EC1CF25A175D63CE00CFAAB5 /* MBTDynamicPager.h */; settings = {ATTRIBUTES = (Public, ); }; };
		EC1CF25D175D63CE00CFAAB5 /* MBTDynamicPager.m in Sources */ = {isa = PBXBuildFile; fileRef = EC1CF25B175D63CE00CFAAB5 /* MBTDynamicPager.m */; };
		EC78F772178C061F006C13A1 /* MBTComplexAutoLayout.xib in Resources */ = {isa = PBXBuildFile; fileRef = EC78F76A178C061F006C13A1 /* MBTComplexAutoLayout.xib */; };
		EC78F773178C061F006C13A1 /* MBTComplexAutoLayoutResizable.xib in Resources */ = {isa = PBXBuildFile; fileRef = EC78F76B178C061F006C13A1 /* MBTComplexAutoLayoutResizable.xib */; };
		EC78F774178C061F006C13A1 /* MBTComplexSpringsAndStruts.xib in Resources */ = {isa = PBXBuildFile; fileRef = EC78F76C178C061F006C13A1 /* MBTComplexSpringsAndStruts.xib */; };
		EC78F775178C061F006C13A1 /* MBTComplexSpringsAndStrutsResizable.xib in Resources */ = {isa = PBXBuildFile; fileRef = EC78F76D178C061F006C13A1 /* MBTComplexSpringsAndStrutsResizable.xib */; };
		EC78F776178C061F006C13A1 /* MBTSimpleAutoLayout.xib in Resources */ = {isa = PBXBuildFile; fileRef = EC78F76E178C061F006C13A1 /* MBTSimpleAutoLayout.xib */; };
		EC78F777178C061F006C13A1 /* MBTSimpleAutoLayoutResizable.xib in Resources */ = {isa = PBXBuildFile; fileRef = EC78F76F178C061F006C13A1 /* MBTSimpleAutoLayoutResizable.xib */; };
		EC78F778178C061F006C13A1 /* MBTSimpleSpringsAndStruts.xib in Resources */ = {isa = PBXBuildFile; fileRef = EC78F770178C061F006C13A1 /* MBTSimpleSpringsAndStruts.xib */; };
		EC78F779178C061F006C13A1 /* MBTSimpleSpringsAndStrutsResizable.xib in Resources */ = {isa = PBXBuildFile; fileRef = EC78F771178C061F006C13A1 /* MBTSimpleSpringsAndStrutsResizable.xib */; };
		EC9618D21787A87F0003879C /* MBTSimpleView.m in Sources */ = {isa = PBXBuildFile; fileRef = EC9618D11787A87F0003879C /* MBTSimpleView.m */; };
		ECA3600F184069E400095F92 /* Images.xcassets in Resources */ = {isa = PBXBuildFile; fileRef = ECA3600E184069E400095F92 /* Images.xcassets */; };
		ECF469B41775CF4B00669C96 /* Cocoa.framework in Frameworks */ = {isa = PBXBuildFile; fileRef = EC1CF245175D61C600CFAAB5 /* Cocoa.framework */; };
		ECF469BA1775CF4B00669C96 /* InfoPlist.strings in Resources */ = {isa = PBXBuildFile; fileRef = ECF469B81775CF4B00669C96 /* InfoPlist.strings */; };
		ECF469BC1775CF4B00669C96 /* main.m in Sources */ = {isa = PBXBuildFile; fileRef = ECF469BB1775CF4B00669C96 /* main.m */; };
		ECF469C01775CF4B00669C96 /* Credits.rtf in Resources */ = {isa = PBXBuildFile; fileRef = ECF469BE1775CF4B00669C96 /* Credits.rtf */; };
		ECF469C31775CF4B00669C96 /* MBTAppDelegate.m in Sources */ = {isa = PBXBuildFile; fileRef = ECF469C21775CF4B00669C96 /* MBTAppDelegate.m */; };
		ECF469C61775CF4C00669C96 /* MainMenu.xib in Resources */ = {isa = PBXBuildFile; fileRef = ECF469C41775CF4C00669C96 /* MainMenu.xib */; };
		ECF469CA1775CFE600669C96 /* MBTDynamicPager.framework in Frameworks */ = {isa = PBXBuildFile; fileRef = EC1CF242175D61C600CFAAB5 /* MBTDynamicPager.framework */; };
		ECF469CC1775D02A00669C96 /* MBTDynamicPager.framework in CopyFiles */ = {isa = PBXBuildFile; fileRef = EC1CF242175D61C600CFAAB5 /* MBTDynamicPager.framework */; };
		ECF469CF17794AE700669C96 /* BlockViewController.m in Sources */ = {isa = PBXBuildFile; fileRef = ECF469CE17794AE700669C96 /* BlockViewController.m */; };
/* End PBXBuildFile section */

/* Begin PBXCopyFilesBuildPhase section */
		ECF469CB1775D01900669C96 /* CopyFiles */ = {
			isa = PBXCopyFilesBuildPhase;
			buildActionMask = 2147483647;
			dstPath = "";
			dstSubfolderSpec = 10;
			files = (
				ECF469CC1775D02A00669C96 /* MBTDynamicPager.framework in CopyFiles */,
			);
			runOnlyForDeploymentPostprocessing = 0;
		};
/* End PBXCopyFilesBuildPhase section */

/* Begin PBXFileReference section */
		EC1CF242175D61C600CFAAB5 /* MBTDynamicPager.framework */ = {isa = PBXFileReference; explicitFileType = wrapper.framework; includeInIndex = 0; path = MBTDynamicPager.framework; sourceTree = BUILT_PRODUCTS_DIR; };
		EC1CF245175D61C600CFAAB5 /* Cocoa.framework */ = {isa = PBXFileReference; lastKnownFileType = wrapper.framework; name = Cocoa.framework; path = System/Library/Frameworks/Cocoa.framework; sourceTree = SDKROOT; };
		EC1CF248175D61C600CFAAB5 /* AppKit.framework */ = {isa = PBXFileReference; lastKnownFileType = wrapper.framework; name = AppKit.framework; path = System/Library/Frameworks/AppKit.framework; sourceTree = SDKROOT; };
		EC1CF249175D61C600CFAAB5 /* CoreData.framework */ = {isa = PBXFileReference; lastKnownFileType = wrapper.framework; name = CoreData.framework; path = System/Library/Frameworks/CoreData.framework; sourceTree = SDKROOT; };
		EC1CF24A175D61C600CFAAB5 /* Foundation.framework */ = {isa = PBXFileReference; lastKnownFileType = wrapper.framework; name = Foundation.framework; path = System/Library/Frameworks/Foundation.framework; sourceTree = SDKROOT; };
		EC1CF24D175D61C600CFAAB5 /* MBTDynamicPager-Info.plist */ = {isa = PBXFileReference; lastKnownFileType = text.plist.xml; path = "MBTDynamicPager-Info.plist"; sourceTree = "<group>"; };
		EC1CF24F175D61C600CFAAB5 /* en */ = {isa = PBXFileReference; lastKnownFileType = text.plist.strings; name = en; path = en.lproj/InfoPlist.strings; sourceTree = "<group>"; };
		EC1CF251175D61C600CFAAB5 /* MBTDynamicPager-Prefix.pch */ = {isa = PBXFileReference; lastKnownFileType = sourcecode.c.h; path = "MBTDynamicPager-Prefix.pch"; sourceTree = "<group>"; };
		EC1CF25A175D63CE00CFAAB5 /* MBTDynamicPager.h */ = {isa = PBXFileReference; fileEncoding = 4; lastKnownFileType = sourcecode.c.h; path = MBTDynamicPager.h; sourceTree = "<group>"; };
		EC1CF25B175D63CE00CFAAB5 /* MBTDynamicPager.m */ = {isa = PBXFileReference; fileEncoding = 4; lastKnownFileType = sourcecode.c.objc; path = MBTDynamicPager.m; sourceTree = "<group>"; };
		EC78F76A178C061F006C13A1 /* MBTComplexAutoLayout.xib */ = {isa = PBXFileReference; fileEncoding = 4; lastKnownFileType = file.xib; path = MBTComplexAutoLayout.xib; sourceTree = "<group>"; };
		EC78F76B178C061F006C13A1 /* MBTComplexAutoLayoutResizable.xib */ = {isa = PBXFileReference; fileEncoding = 4; lastKnownFileType = file.xib; path = MBTComplexAutoLayoutResizable.xib; sourceTree = "<group>"; };
		EC78F76C178C061F006C13A1 /* MBTComplexSpringsAndStruts.xib */ = {isa = PBXFileReference; fileEncoding = 4; lastKnownFileType = file.xib; path = MBTComplexSpringsAndStruts.xib; sourceTree = "<group>"; };
		EC78F76D178C061F006C13A1 /* MBTComplexSpringsAndStrutsResizable.xib */ = {isa = PBXFileReference; fileEncoding = 4; lastKnownFileType = file.xib; path = MBTComplexSpringsAndStrutsResizable.xib; sourceTree = "<group>"; };
		EC78F76E178C061F006C13A1 /* MBTSimpleAutoLayout.xib */ = {isa = PBXFileReference; fileEncoding = 4; lastKnownFileType = file.xib; path = MBTSimpleAutoLayout.xib; sourceTree = "<group>"; };
		EC78F76F178C061F006C13A1 /* MBTSimpleAutoLayoutResizable.xib */ = {isa = PBXFileReference; fileEncoding = 4; lastKnownFileType = file.xib; path = MBTSimpleAutoLayoutResizable.xib; sourceTree = "<group>"; };
		EC78F770178C061F006C13A1 /* MBTSimpleSpringsAndStruts.xib */ = {isa = PBXFileReference; fileEncoding = 4; lastKnownFileType = file.xib; path = MBTSimpleSpringsAndStruts.xib; sourceTree = "<group>"; };
		EC78F771178C061F006C13A1 /* MBTSimpleSpringsAndStrutsResizable.xib */ = {isa = PBXFileReference; fileEncoding = 4; lastKnownFileType = file.xib; path = MBTSimpleSpringsAndStrutsResizable.xib; sourceTree = "<group>"; };
		EC9618D01787A87F0003879C /* MBTSimpleView.h */ = {isa = PBXFileReference; fileEncoding = 4; lastKnownFileType = sourcecode.c.h; path = MBTSimpleView.h; sourceTree = "<group>"; };
		EC9618D11787A87F0003879C /* MBTSimpleView.m */ = {isa = PBXFileReference; fileEncoding = 4; lastKnownFileType = sourcecode.c.objc; path = MBTSimpleView.m; sourceTree = "<group>"; };
		ECA3600D1840641900095F92 /* Base */ = {isa = PBXFileReference; lastKnownFileType = file.xib; name = Base; path = Base.lproj/MainMenu.xib; sourceTree = "<group>"; };
		ECA3600E184069E400095F92 /* Images.xcassets */ = {isa = PBXFileReference; lastKnownFileType = folder.assetcatalog; path = Images.xcassets; sourceTree = "<group>"; };
		ECF469B31775CF4B00669C96 /* DynamicPagerExample.app */ = {isa = PBXFileReference; explicitFileType = wrapper.application; includeInIndex = 0; path = DynamicPagerExample.app; sourceTree = BUILT_PRODUCTS_DIR; };
		ECF469B71775CF4B00669C96 /* DynamicPagerExample-Info.plist */ = {isa = PBXFileReference; lastKnownFileType = text.plist.xml; path = "DynamicPagerExample-Info.plist"; sourceTree = "<group>"; };
		ECF469B91775CF4B00669C96 /* en */ = {isa = PBXFileReference; lastKnownFileType = text.plist.strings; name = en; path = en.lproj/InfoPlist.strings; sourceTree = "<group>"; };
		ECF469BB1775CF4B00669C96 /* main.m */ = {isa = PBXFileReference; lastKnownFileType = sourcecode.c.objc; path = main.m; sourceTree = "<group>"; };
		ECF469BD1775CF4B00669C96 /* DynamicPagerExample-Prefix.pch */ = {isa = PBXFileReference; lastKnownFileType = sourcecode.c.h; path = "DynamicPagerExample-Prefix.pch"; sourceTree = "<group>"; };
		ECF469BF1775CF4B00669C96 /* en */ = {isa = PBXFileReference; lastKnownFileType = text.rtf; name = en; path = en.lproj/Credits.rtf; sourceTree = "<group>"; };
		ECF469C11775CF4B00669C96 /* MBTAppDelegate.h */ = {isa = PBXFileReference; lastKnownFileType = sourcecode.c.h; path = MBTAppDelegate.h; sourceTree = "<group>"; };
		ECF469C21775CF4B00669C96 /* MBTAppDelegate.m */ = {isa = PBXFileReference; lastKnownFileType = sourcecode.c.objc; path = MBTAppDelegate.m; sourceTree = "<group>"; };
		ECF469CD17794AE700669C96 /* BlockViewController.h */ = {isa = PBXFileReference; fileEncoding = 4; lastKnownFileType = sourcecode.c.h; path = BlockViewController.h; sourceTree = "<group>"; };
		ECF469CE17794AE700669C96 /* BlockViewController.m */ = {isa = PBXFileReference; fileEncoding = 4; lastKnownFileType = sourcecode.c.objc; path = BlockViewController.m; sourceTree = "<group>"; };
/* End PBXFileReference section */

/* Begin PBXFrameworksBuildPhase section */
		EC1CF23E175D61C600CFAAB5 /* Frameworks */ = {
			isa = PBXFrameworksBuildPhase;
			buildActionMask = 2147483647;
			files = (
				EC1CF246175D61C600CFAAB5 /* Cocoa.framework in Frameworks */,
			);
			runOnlyForDeploymentPostprocessing = 0;
		};
		ECF469B01775CF4B00669C96 /* Frameworks */ = {
			isa = PBXFrameworksBuildPhase;
			buildActionMask = 2147483647;
			files = (
				ECF469CA1775CFE600669C96 /* MBTDynamicPager.framework in Frameworks */,
				ECF469B41775CF4B00669C96 /* Cocoa.framework in Frameworks */,
			);
			runOnlyForDeploymentPostprocessing = 0;
		};
/* End PBXFrameworksBuildPhase section */

/* Begin PBXGroup section */
		EC1CF238175D61C600CFAAB5 = {
			isa = PBXGroup;
			children = (
				EC1CF24B175D61C600CFAAB5 /* DynamicPager */,
				ECF469B51775CF4B00669C96 /* DynamicPagerExample */,
				EC1CF244175D61C600CFAAB5 /* Frameworks */,
				EC1CF243175D61C600CFAAB5 /* Products */,
			);
			sourceTree = "<group>";
		};
		EC1CF243175D61C600CFAAB5 /* Products */ = {
			isa = PBXGroup;
			children = (
				EC1CF242175D61C600CFAAB5 /* MBTDynamicPager.framework */,
				ECF469B31775CF4B00669C96 /* DynamicPagerExample.app */,
			);
			name = Products;
			sourceTree = "<group>";
		};
		EC1CF244175D61C600CFAAB5 /* Frameworks */ = {
			isa = PBXGroup;
			children = (
				EC1CF245175D61C600CFAAB5 /* Cocoa.framework */,
				EC1CF247175D61C600CFAAB5 /* Other Frameworks */,
			);
			name = Frameworks;
			sourceTree = "<group>";
		};
		EC1CF247175D61C600CFAAB5 /* Other Frameworks */ = {
			isa = PBXGroup;
			children = (
				EC1CF248175D61C600CFAAB5 /* AppKit.framework */,
				EC1CF249175D61C600CFAAB5 /* CoreData.framework */,
				EC1CF24A175D61C600CFAAB5 /* Foundation.framework */,
			);
			name = "Other Frameworks";
			sourceTree = "<group>";
		};
		EC1CF24B175D61C600CFAAB5 /* DynamicPager */ = {
			isa = PBXGroup;
			children = (
				EC1CF25A175D63CE00CFAAB5 /* MBTDynamicPager.h */,
				EC1CF25B175D63CE00CFAAB5 /* MBTDynamicPager.m */,
				EC1CF24C175D61C600CFAAB5 /* Supporting Files */,
			);
			path = DynamicPager;
			sourceTree = "<group>";
		};
		EC1CF24C175D61C600CFAAB5 /* Supporting Files */ = {
			isa = PBXGroup;
			children = (
				EC1CF24D175D61C600CFAAB5 /* MBTDynamicPager-Info.plist */,
				EC1CF24E175D61C600CFAAB5 /* InfoPlist.strings */,
				EC1CF251175D61C600CFAAB5 /* MBTDynamicPager-Prefix.pch */,
			);
			name = "Supporting Files";
			sourceTree = "<group>";
		};
		EC9618CF1787A8510003879C /* Views */ = {
			isa = PBXGroup;
			children = (
				EC9618D01787A87F0003879C /* MBTSimpleView.h */,
				EC9618D11787A87F0003879C /* MBTSimpleView.m */,
				EC78F76C178C061F006C13A1 /* MBTComplexSpringsAndStruts.xib */,
				EC78F76D178C061F006C13A1 /* MBTComplexSpringsAndStrutsResizable.xib */,
				EC78F76A178C061F006C13A1 /* MBTComplexAutoLayout.xib */,
				EC78F76B178C061F006C13A1 /* MBTComplexAutoLayoutResizable.xib */,
				EC78F770178C061F006C13A1 /* MBTSimpleSpringsAndStruts.xib */,
				EC78F771178C061F006C13A1 /* MBTSimpleSpringsAndStrutsResizable.xib */,
				EC78F76E178C061F006C13A1 /* MBTSimpleAutoLayout.xib */,
				EC78F76F178C061F006C13A1 /* MBTSimpleAutoLayoutResizable.xib */,
			);
			name = Views;
			sourceTree = "<group>";
		};
		ECF469B51775CF4B00669C96 /* DynamicPagerExample */ = {
			isa = PBXGroup;
			children = (
				EC9618CF1787A8510003879C /* Views */,
				ECF469C11775CF4B00669C96 /* MBTAppDelegate.h */,
				ECF469C21775CF4B00669C96 /* MBTAppDelegate.m */,
				ECF469C41775CF4C00669C96 /* MainMenu.xib */,
				ECF469CD17794AE700669C96 /* BlockViewController.h */,
				ECF469CE17794AE700669C96 /* BlockViewController.m */,
				ECA3600E184069E400095F92 /* Images.xcassets */,
				ECF469B61775CF4B00669C96 /* Supporting Files */,
			);
			path = DynamicPagerExample;
			sourceTree = "<group>";
		};
		ECF469B61775CF4B00669C96 /* Supporting Files */ = {
			isa = PBXGroup;
			children = (
				ECF469B71775CF4B00669C96 /* DynamicPagerExample-Info.plist */,
				ECF469B81775CF4B00669C96 /* InfoPlist.strings */,
				ECF469BB1775CF4B00669C96 /* main.m */,
				ECF469BD1775CF4B00669C96 /* DynamicPagerExample-Prefix.pch */,
				ECF469BE1775CF4B00669C96 /* Credits.rtf */,
			);
			name = "Supporting Files";
			sourceTree = "<group>";
		};
/* End PBXGroup section */

/* Begin PBXHeadersBuildPhase section */
		EC1CF23F175D61C600CFAAB5 /* Headers */ = {
			isa = PBXHeadersBuildPhase;
			buildActionMask = 2147483647;
			files = (
				EC1CF25C175D63CE00CFAAB5 /* MBTDynamicPager.h in Headers */,
			);
			runOnlyForDeploymentPostprocessing = 0;
		};
/* End PBXHeadersBuildPhase section */

/* Begin PBXNativeTarget section */
		EC1CF241175D61C600CFAAB5 /* MBTDynamicPager */ = {
			isa = PBXNativeTarget;
			buildConfigurationList = EC1CF257175D61C600CFAAB5 /* Build configuration list for PBXNativeTarget "MBTDynamicPager" */;
			buildPhases = (
				EC1CF23D175D61C600CFAAB5 /* Sources */,
				EC1CF23E175D61C600CFAAB5 /* Frameworks */,
				EC1CF23F175D61C600CFAAB5 /* Headers */,
				EC1CF240175D61C600CFAAB5 /* Resources */,
			);
			buildRules = (
			);
			dependencies = (
			);
			name = MBTDynamicPager;
			productName = DynamicPager;
			productReference = EC1CF242175D61C600CFAAB5 /* MBTDynamicPager.framework */;
			productType = "com.apple.product-type.framework";
		};
		ECF469B21775CF4B00669C96 /* DynamicPagerExample */ = {
			isa = PBXNativeTarget;
			buildConfigurationList = ECF469C71775CF4C00669C96 /* Build configuration list for PBXNativeTarget "DynamicPagerExample" */;
			buildPhases = (
				ECF469AF1775CF4B00669C96 /* Sources */,
				ECF469B01775CF4B00669C96 /* Frameworks */,
				ECF469B11775CF4B00669C96 /* Resources */,
				ECF469CB1775D01900669C96 /* CopyFiles */,
			);
			buildRules = (
			);
			dependencies = (
			);
			name = DynamicPagerExample;
			productName = DynamicPagerExample;
			productReference = ECF469B31775CF4B00669C96 /* DynamicPagerExample.app */;
			productType = "com.apple.product-type.application";
		};
/* End PBXNativeTarget section */

/* Begin PBXProject section */
		EC1CF239175D61C600CFAAB5 /* Project object */ = {
			isa = PBXProject;
			attributes = {
				CLASSPREFIX = MBT;
				LastUpgradeCheck = 0500;
				ORGANIZATIONNAME = "Mike Tegtmeyer";
			};
			buildConfigurationList = EC1CF23C175D61C600CFAAB5 /* Build configuration list for PBXProject "MBTDynamicPager" */;
			compatibilityVersion = "Xcode 3.2";
			developmentRegion = English;
			hasScannedForEncodings = 0;
			knownRegions = (
				en,
				Base,
			);
			mainGroup = EC1CF238175D61C600CFAAB5;
			productRefGroup = EC1CF243175D61C600CFAAB5 /* Products */;
			projectDirPath = "";
			projectRoot = "";
			targets = (
				EC1CF241175D61C600CFAAB5 /* MBTDynamicPager */,
				ECF469B21775CF4B00669C96 /* DynamicPagerExample */,
			);
		};
/* End PBXProject section */

/* Begin PBXResourcesBuildPhase section */
		EC1CF240175D61C600CFAAB5 /* Resources */ = {
			isa = PBXResourcesBuildPhase;
			buildActionMask = 2147483647;
			files = (
				EC1CF250175D61C600CFAAB5 /* InfoPlist.strings in Resources */,
			);
			runOnlyForDeploymentPostprocessing = 0;
		};
		ECF469B11775CF4B00669C96 /* Resources */ = {
			isa = PBXResourcesBuildPhase;
			buildActionMask = 2147483647;
			files = (
				ECF469BA1775CF4B00669C96 /* InfoPlist.strings in Resources */,
				ECF469C01775CF4B00669C96 /* Credits.rtf in Resources */,
				ECF469C61775CF4C00669C96 /* MainMenu.xib in Resources */,
				EC78F772178C061F006C13A1 /* MBTComplexAutoLayout.xib in Resources */,
				EC78F773178C061F006C13A1 /* MBTComplexAutoLayoutResizable.xib in Resources */,
				EC78F774178C061F006C13A1 /* MBTComplexSpringsAndStruts.xib in Resources */,
				EC78F775178C061F006C13A1 /* MBTComplexSpringsAndStrutsResizable.xib in Resources */,
				EC78F776178C061F006C13A1 /* MBTSimpleAutoLayout.xib in Resources */,
				EC78F777178C061F006C13A1 /* MBTSimpleAutoLayoutResizable.xib in Resources */,
				ECA3600F184069E400095F92 /* Images.xcassets in Resources */,
				EC78F778178C061F006C13A1 /* MBTSimpleSpringsAndStruts.xib in Resources */,
				EC78F779178C061F006C13A1 /* MBTSimpleSpringsAndStrutsResizable.xib in Resources */,
			);
			runOnlyForDeploymentPostprocessing = 0;
		};
/* End PBXResourcesBuildPhase section */

/* Begin PBXSourcesBuildPhase section */
		EC1CF23D175D61C600CFAAB5 /* Sources */ = {
			isa = PBXSourcesBuildPhase;
			buildActionMask = 2147483647;
			files = (
				EC1CF25D175D63CE00CFAAB5 /* MBTDynamicPager.m in Sources */,
			);
			runOnlyForDeploymentPostprocessing = 0;
		};
		ECF469AF1775CF4B00669C96 /* Sources */ = {
			isa = PBXSourcesBuildPhase;
			buildActionMask = 2147483647;
			files = (
				ECF469BC1775CF4B00669C96 /* main.m in Sources */,
				ECF469C31775CF4B00669C96 /* MBTAppDelegate.m in Sources */,
				ECF469CF17794AE700669C96 /* BlockViewController.m in Sources */,
				EC9618D21787A87F0003879C /* MBTSimpleView.m in Sources */,
			);
			runOnlyForDeploymentPostprocessing = 0;
		};
/* End PBXSourcesBuildPhase section */

/* Begin PBXVariantGroup section */
		EC1CF24E175D61C600CFAAB5 /* InfoPlist.strings */ = {
			isa = PBXVariantGroup;
			children = (
				EC1CF24F175D61C600CFAAB5 /* en */,
			);
			name = InfoPlist.strings;
			sourceTree = "<group>";
		};
		ECF469B81775CF4B00669C96 /* InfoPlist.strings */ = {
			isa = PBXVariantGroup;
			children = (
				ECF469B91775CF4B00669C96 /* en */,
			);
			name = InfoPlist.strings;
			sourceTree = "<group>";
		};
		ECF469BE1775CF4B00669C96 /* Credits.rtf */ = {
			isa = PBXVariantGroup;
			children = (
				ECF469BF1775CF4B00669C96 /* en */,
			);
			name = Credits.rtf;
			sourceTree = "<group>";
		};
		ECF469C41775CF4C00669C96 /* MainMenu.xib */ = {
			isa = PBXVariantGroup;
			children = (
				ECA3600D1840641900095F92 /* Base */,
			);
			name = MainMenu.xib;
			sourceTree = "<group>";
		};
/* End PBXVariantGroup section */

/* Begin XCBuildConfiguration section */
		EC1CF255175D61C600CFAAB5 /* Debug */ = {
			isa = XCBuildConfiguration;
			buildSettings = {
				ALWAYS_SEARCH_USER_PATHS = NO;
				CLANG_CXX_LANGUAGE_STANDARD = "gnu++0x";
				CLANG_CXX_LIBRARY = "libc++";
				CLANG_ENABLE_OBJC_ARC = YES;
				CLANG_WARN_CONSTANT_CONVERSION = YES;
				CLANG_WARN_EMPTY_BODY = YES;
				CLANG_WARN_ENUM_CONVERSION = YES;
				CLANG_WARN_INT_CONVERSION = YES;
				CLANG_WARN__DUPLICATE_METHOD_MATCH = YES;
				COPY_PHASE_STRIP = NO;
				GCC_C_LANGUAGE_STANDARD = gnu99;
				GCC_DYNAMIC_NO_PIC = NO;
				GCC_ENABLE_OBJC_EXCEPTIONS = YES;
				GCC_OPTIMIZATION_LEVEL = 0;
				GCC_PREPROCESSOR_DEFINITIONS = (
					"DEBUG=1",
					"$(inherited)",
				);
				GCC_SYMBOLS_PRIVATE_EXTERN = NO;
				GCC_WARN_64_TO_32_BIT_CONVERSION = YES;
				GCC_WARN_ABOUT_RETURN_TYPE = YES;
				GCC_WARN_UNINITIALIZED_AUTOS = YES;
				GCC_WARN_UNUSED_VARIABLE = YES;
				MACOSX_DEPLOYMENT_TARGET = 10.8;
				ONLY_ACTIVE_ARCH = YES;
				SDKROOT = macosx;
			};
			name = Debug;
		};
		EC1CF256175D61C600CFAAB5 /* Release */ = {
			isa = XCBuildConfiguration;
			buildSettings = {
				ALWAYS_SEARCH_USER_PATHS = NO;
				CLANG_CXX_LANGUAGE_STANDARD = "gnu++0x";
				CLANG_CXX_LIBRARY = "libc++";
				CLANG_ENABLE_OBJC_ARC = YES;
				CLANG_WARN_CONSTANT_CONVERSION = YES;
				CLANG_WARN_EMPTY_BODY = YES;
				CLANG_WARN_ENUM_CONVERSION = YES;
				CLANG_WARN_INT_CONVERSION = YES;
				CLANG_WARN__DUPLICATE_METHOD_MATCH = YES;
				COPY_PHASE_STRIP = YES;
				DEBUG_INFORMATION_FORMAT = "dwarf-with-dsym";
				GCC_C_LANGUAGE_STANDARD = gnu99;
				GCC_ENABLE_OBJC_EXCEPTIONS = YES;
				GCC_WARN_64_TO_32_BIT_CONVERSION = YES;
				GCC_WARN_ABOUT_RETURN_TYPE = YES;
				GCC_WARN_UNINITIALIZED_AUTOS = YES;
				GCC_WARN_UNUSED_VARIABLE = YES;
				MACOSX_DEPLOYMENT_TARGET = 10.8;
				SDKROOT = macosx;
			};
			name = Release;
		};
		EC1CF258175D61C600CFAAB5 /* Debug */ = {
			isa = XCBuildConfiguration;
			buildSettings = {
				COMBINE_HIDPI_IMAGES = YES;
				DYLIB_COMPATIBILITY_VERSION = 1;
				DYLIB_CURRENT_VERSION = 1;
				FRAMEWORK_VERSION = A;
				GCC_PRECOMPILE_PREFIX_HEADER = YES;
				GCC_PREFIX_HEADER = "DynamicPager/MBTDynamicPager-Prefix.pch";
				INFOPLIST_FILE = "DynamicPager/MBTDynamicPager-Info.plist";
				PRODUCT_NAME = MBTDynamicPager;
				WRAPPER_EXTENSION = framework;
			};
			name = Debug;
		};
		EC1CF259175D61C600CFAAB5 /* Release */ = {
			isa = XCBuildConfiguration;
			buildSettings = {
				COMBINE_HIDPI_IMAGES = YES;
				DYLIB_COMPATIBILITY_VERSION = 1;
				DYLIB_CURRENT_VERSION = 1;
				FRAMEWORK_VERSION = A;
				GCC_PRECOMPILE_PREFIX_HEADER = YES;
				GCC_PREFIX_HEADER = "DynamicPager/MBTDynamicPager-Prefix.pch";
				INFOPLIST_FILE = "DynamicPager/MBTDynamicPager-Info.plist";
				PRODUCT_NAME = MBTDynamicPager;
				WRAPPER_EXTENSION = framework;
			};
			name = Release;
		};
		ECF469C81775CF4C00669C96 /* Debug */ = {
			isa = XCBuildConfiguration;
			buildSettings = {
				ASSETCATALOG_COMPILER_APPICON_NAME = AppIcon;
				COMBINE_HIDPI_IMAGES = YES;
				GCC_PRECOMPILE_PREFIX_HEADER = YES;
				GCC_PREFIX_HEADER = "DynamicPagerExample/DynamicPagerExample-Prefix.pch";
				INFOPLIST_FILE = "DynamicPagerExample/DynamicPagerExample-Info.plist";
				PRODUCT_NAME = "$(TARGET_NAME)";
				WRAPPER_EXTENSION = app;
			};
			name = Debug;
		};
		ECF469C91775CF4C00669C96 /* Release */ = {
			isa = XCBuildConfiguration;
			buildSettings = {
				ASSETCATALOG_COMPILER_APPICON_NAME = AppIcon;
				COMBINE_HIDPI_IMAGES = YES;
				GCC_PRECOMPILE_PREFIX_HEADER = YES;
				GCC_PREFIX_HEADER = "DynamicPagerExample/DynamicPagerExample-Prefix.pch";
				INFOPLIST_FILE = "DynamicPagerExample/DynamicPagerExample-Info.plist";
				PRODUCT_NAME = "$(TARGET_NAME)";
				WRAPPER_EXTENSION = app;
			};
			name = Release;
		};
/* End XCBuildConfiguration section */

/* Begin XCConfigurationList section */
		EC1CF23C175D61C600CFAAB5 /* Build configuration list for PBXProject "MBTDynamicPager" */ = {
			isa = XCConfigurationList;
			buildConfigurations = (
				EC1CF255175D61C600CFAAB5 /* Debug */,
				EC1CF256175D61C600CFAAB5 /* Release */,
			);
			defaultConfigurationIsVisible = 0;
			defaultConfigurationName = Release;
		};
		EC1CF257175D61C600CFAAB5 /* Build configuration list for PBXNativeTarget "MBTDynamicPager" */ = {
			isa = XCConfigurationList;
			buildConfigurations = (
				EC1CF258175D61C600CFAAB5 /* Debug */,
				EC1CF259175D61C600CFAAB5 /* Release */,
			);
			defaultConfigurationIsVisible = 0;
			defaultConfigurationName = Release;
		};
		ECF469C71775CF4C00669C96 /* Build configuration list for PBXNativeTarget "DynamicPagerExample" */ = {
			isa = XCConfigurationList;
			buildConfigurations = (
				ECF469C81775CF4C00669C96 /* Debug */,
				ECF469C91775CF4C00669C96 /* Release */,
			);
			defaultConfigurationIsVisible = 0;
			defaultConfigurationName = Release;
		};
/* End XCConfigurationList section */
	};
	rootObject = EC1CF239175D61C600CFAAB5 /* Project object */;
}
